
Microsoft Visual Studio Solution File, Format Version 12.00
# Visual Studio Version 17
VisualStudioVersion = 17.0.32112.339
MinimumVisualStudioVersion = 10.0.40219.1
Project("{FAE04EC0-301F-11D3-BF4B-00C04F79EFBC}") = "KvtSu", "KvtSu\KvtSu.csproj", "{7B8A7EF6-D1C3-473F-A961-577896644B85}"
EndProject
Global
	GlobalSection(SolutionConfigurationPlatforms) = preSolution
		Debug|Any CPU = Debug|Any CPU
		Release|Any CPU = Release|Any CPU
	EndGlobalSection
	GlobalSection(ProjectConfigurationPlatforms) = postSolution
		{7B8A7EF6-D1C3-473F-A961-577896644B85}.Debug|Any CPU.ActiveCfg = Debug|Any CPU
		{7B8A7EF6-D1C3-473F-A961-577896644B85}.Debug|Any CPU.Build.0 = Debug|Any CPU
		{7B8A7EF6-D1C3-473F-A961-577896644B85}.Release|Any CPU.ActiveCfg = Release|Any CPU
		{7B8A7EF6-D1C3-473F-A961-577896644B85}.Release|Any CPU.Build.0 = Release|Any CPU
	EndGlobalSection
	GlobalSection(SolutionProperties) = preSolution
		HideSolutionNode = FALSE
	EndGlobalSection
	GlobalSection(ExtensibilityGlobals) = postSolution
		SolutionGuid = {49AD15B0-9923-47B6-B2E8-9FFA11C2B94F}
	EndGlobalSection
EndGlobal
